#MicroXplorer Configuration settings - do not modify
DMA2D.ColorMode=DMA2D_OUTPUT_RGB565
DMA2D.IPParameters=Mode,ColorMode
DMA2D.Mode=DMA2D_R2M
FMC.BankMapConfig=FMC_SWAPBMAP_DISABLE
FMC.CASLatency2=FMC_SDRAM_CAS_LATENCY_3
FMC.ColumnBitsNumber2=FMC_SDRAM_COLUMN_BITS_NUM_9
FMC.ExitSelfRefreshDelay2=10
FMC.IPParameters=ColumnBitsNumber2,SDClockPeriod2,ReadBurst2,ReadPipeDelay2,CASLatency2,LoadToActiveDelay2,ExitSelfRefreshDelay2,SelfRefreshTime2,RowCycleDelay2,WriteRecoveryTime2,RPDelay2,RCDDelay2,BankMapConfig
FMC.LoadToActiveDelay2=2
FMC.RCDDelay2=2
FMC.RPDelay2=2
FMC.ReadBurst2=FMC_SDRAM_RBURST_ENABLE
FMC.ReadPipeDelay2=FMC_SDRAM_RPIPE_DELAY_1
FMC.RowCycleDelay2=8
FMC.SDClockPeriod2=FMC_SDRAM_CLOCK_PERIOD_2
FMC.SelfRefreshTime2=6
FMC.WriteRecoveryTime2=4
File.Version=6
GPIO.groupedBy=Group By Peripherals
I2C2.IPParameters=Timing,Speed
I2C2.Speed=50
I2C2.Timing=0x70303AEE
KeepUserPlacement=false
LTDC.ActiveW=800
LTDC.Alpha0_L0=255
LTDC.Alpha_L0=255
LTDC.Blue=255
LTDC.Blue_L0=255
LTDC.FBStartAdress_L0=0xD0000000
LTDC.Green=255
LTDC.Green_L0=255
LTDC.HBP=46
LTDC.HFP=22
LTDC.HSync=1
LTDC.IPParameters=HBP,HFP,ActiveW,HSync,VSync,VBP,VFP,Red,Green,Blue,Layers,WindowX0_L0,WindowX1_L0,WindowY1_L0,PixelFormat_L0,Alpha_L0,Alpha0_L0,FBStartAdress_L0,ImageWidth_L0,ImageHeight_L0,Blue_L0,Green_L0,Red_L0
LTDC.ImageHeight_L0=480
LTDC.ImageWidth_L0=800
LTDC.Layers=0
LTDC.PixelFormat_L0=LTDC_PIXEL_FORMAT_RGB565
LTDC.Red=255
LTDC.Red_L0=255
LTDC.VBP=23
LTDC.VFP=22
LTDC.VSync=1
LTDC.WindowX0_L0=0
LTDC.WindowX1_L0=800
LTDC.WindowY1_L0=480
Mcu.Family=STM32H7
Mcu.IP0=CORTEX_M7
Mcu.IP1=DMA2D
Mcu.IP10=USART1
Mcu.IP2=FMC
Mcu.IP3=I2C2
Mcu.IP4=LTDC
Mcu.IP5=NVIC
Mcu.IP6=RCC
Mcu.IP7=SPI1
Mcu.IP8=SYS
Mcu.IP9=TIM6
Mcu.IPNb=11
Mcu.Name=STM32H743XIHx
Mcu.Package=TFBGA240
Mcu.Pin0=PI6
Mcu.Pin1=PI5
Mcu.Pin10=PI7
Mcu.Pin100=PE13
Mcu.Pin101=PH6
Mcu.Pin102=PH8
Mcu.Pin103=PD10
Mcu.Pin104=PD9
Mcu.Pin105=PA3
Mcu.Pin106=PC5
Mcu.Pin107=PB0
Mcu.Pin108=PJ3
Mcu.Pin109=PJ4
Mcu.Pin11=PE1
Mcu.Pin110=PG1
Mcu.Pin111=PE7
Mcu.Pin112=PE14
Mcu.Pin113=PH7
Mcu.Pin114=PD8
Mcu.Pin115=VP_DMA2D_VS_DMA2D
Mcu.Pin116=VP_SYS_VS_Systick
Mcu.Pin117=VP_TIM6_VS_ClockSourceINT
Mcu.Pin12=PB6
Mcu.Pin13=PK4
Mcu.Pin14=PJ15
Mcu.Pin15=PD6
Mcu.Pin16=PD3
Mcu.Pin17=PI2
Mcu.Pin18=PH15
Mcu.Pin19=PH14
Mcu.Pin2=PI4
Mcu.Pin20=PE0
Mcu.Pin21=PB7
Mcu.Pin22=PB3 (JTDO/TRACESWO)
Mcu.Pin23=PK6
Mcu.Pin24=PK3
Mcu.Pin25=PG12
Mcu.Pin26=PD7
Mcu.Pin27=PI3
Mcu.Pin28=PB9
Mcu.Pin29=PB8
Mcu.Pin3=PB5
Mcu.Pin30=PG15
Mcu.Pin31=PK7
Mcu.Pin32=PG13
Mcu.Pin33=PD0
Mcu.Pin34=PA10
Mcu.Pin35=PA9
Mcu.Pin36=PH13
Mcu.Pin37=PI9
Mcu.Pin38=PD1
Mcu.Pin39=PC8
Mcu.Pin4=PK5
Mcu.Pin40=PI10
Mcu.Pin41=PC7
Mcu.Pin42=PC6
Mcu.Pin43=PG8
Mcu.Pin44=PG7
Mcu.Pin45=PF2
Mcu.Pin46=PF1
Mcu.Pin47=PF0
Mcu.Pin48=PG5
Mcu.Pin49=PI12
Mcu.Pin5=PG9
Mcu.Pin50=PI13
Mcu.Pin51=PI14
Mcu.Pin52=PF3
Mcu.Pin53=PG4
Mcu.Pin54=PG3
Mcu.Pin55=PG2
Mcu.Pin56=PK2
Mcu.Pin57=PH1-OSC_OUT (PH1)
Mcu.Pin58=PH0-OSC_IN (PH0)
Mcu.Pin59=PF5
Mcu.Pin6=PD5
Mcu.Pin60=PF4
Mcu.Pin61=PK0
Mcu.Pin62=PK1
Mcu.Pin63=PJ11
Mcu.Pin64=PC0
Mcu.Pin65=PJ10
Mcu.Pin66=PC1
Mcu.Pin67=PC2
Mcu.Pin68=PC3
Mcu.Pin69=PJ9
Mcu.Pin7=PD4
Mcu.Pin70=PA2
Mcu.Pin71=PE10
Mcu.Pin72=PJ6
Mcu.Pin73=PH4
Mcu.Pin74=PH5
Mcu.Pin75=PF13
Mcu.Pin76=PF14
Mcu.Pin77=PE9
Mcu.Pin78=PE11
Mcu.Pin79=PB10
Mcu.Pin8=PI1
Mcu.Pin80=PB11
Mcu.Pin81=PH10
Mcu.Pin82=PH11
Mcu.Pin83=PD15
Mcu.Pin84=PD14
Mcu.Pin85=PA7
Mcu.Pin86=PF12
Mcu.Pin87=PF15
Mcu.Pin88=PE12
Mcu.Pin89=PE15
Mcu.Pin9=PI0
Mcu.Pin90=PJ5
Mcu.Pin91=PH9
Mcu.Pin92=PH12
Mcu.Pin93=PD13
Mcu.Pin94=PC4
Mcu.Pin95=PB1
Mcu.Pin96=PJ2
Mcu.Pin97=PF11
Mcu.Pin98=PG0
Mcu.Pin99=PE8
Mcu.PinsNb=118
Mcu.ThirdPartyNb=0
Mcu.UserConstants=
Mcu.UserName=STM32H743XIHx
MxCube.Version=6.2.1
MxDb.Version=DB.6.0.21
NVIC.BusFault_IRQn=true\:0\:0\:false\:false\:true\:false\:false
NVIC.DebugMonitor_IRQn=true\:0\:0\:false\:false\:true\:false\:false
NVIC.EXTI3_IRQn=true\:0\:0\:false\:false\:true\:true\:true
NVIC.ForceEnableDMAVector=true
NVIC.HardFault_IRQn=true\:0\:0\:false\:false\:true\:false\:false
NVIC.MemoryManagement_IRQn=true\:0\:0\:false\:false\:true\:false\:false
NVIC.NonMaskableInt_IRQn=true\:0\:0\:false\:false\:true\:false\:false
NVIC.PendSV_IRQn=true\:0\:0\:false\:false\:true\:false\:false
NVIC.PriorityGroup=NVIC_PRIORITYGROUP_4
NVIC.SVCall_IRQn=true\:0\:0\:false\:false\:true\:false\:false
NVIC.SysTick_IRQn=true\:0\:0\:false\:false\:true\:false\:true
NVIC.USART1_IRQn=true\:3\:0\:true\:false\:true\:true\:true
NVIC.UsageFault_IRQn=true\:0\:0\:false\:false\:true\:false\:false
PA10.GPIOParameters=GPIO_Label
PA10.GPIO_Label=DEBUG_RX
PA10.Locked=true
PA10.Mode=Asynchronous
PA10.Signal=USART1_RX
PA2.GPIOParameters=GPIO_Speed,GPIO_Label
PA2.GPIO_Label=AD9854_FSK
PA2.GPIO_Speed=GPIO_SPEED_FREQ_LOW
PA2.Locked=true
PA2.Signal=GPIO_Output
PA3.GPIOParameters=PinState,GPIO_PuPd,GPIO_Label,GPIO_ModeDefaultOutputPP
PA3.GPIO_Label=LED_B
PA3.GPIO_ModeDefaultOutputPP=GPIO_MODE_OUTPUT_OD
PA3.GPIO_PuPd=GPIO_PULLUP
PA3.Locked=true
PA3.PinState=GPIO_PIN_SET
PA3.Signal=GPIO_Output
PA7.GPIOParameters=GPIO_Speed,GPIO_PuPd,GPIO_Label
PA7.GPIO_Label=AD9854_UDCL
PA7.GPIO_PuPd=GPIO_PULLDOWN
PA7.GPIO_Speed=GPIO_SPEED_FREQ_LOW
PA7.Locked=true
PA7.Signal=GPIO_Output
PA9.GPIOParameters=GPIO_Label
PA9.GPIO_Label=DEBUG_TX
PA9.Locked=true
PA9.Mode=Asynchronous
PA9.Signal=USART1_TX
PB0.GPIOParameters=PinState,GPIO_PuPd,GPIO_Label,GPIO_ModeDefaultOutputPP
PB0.GPIO_Label=LED_R
PB0.GPIO_ModeDefaultOutputPP=GPIO_MODE_OUTPUT_OD
PB0.GPIO_PuPd=GPIO_PULLUP
PB0.Locked=true
PB0.PinState=GPIO_PIN_SET
PB0.Signal=GPIO_Output
PB1.GPIOParameters=PinState,GPIO_PuPd,GPIO_Label,GPIO_ModeDefaultOutputPP
PB1.GPIO_Label=LED_G
PB1.GPIO_ModeDefaultOutputPP=GPIO_MODE_OUTPUT_OD
PB1.GPIO_PuPd=GPIO_PULLUP
PB1.Locked=true
PB1.PinState=GPIO_PIN_SET
PB1.Signal=GPIO_Output
PB10.GPIOParameters=GPIO_Speed,GPIO_Label
PB10.GPIO_Label=AD9854_A5
PB10.GPIO_Speed=GPIO_SPEED_FREQ_LOW
PB10.Locked=true
PB10.Signal=GPIO_Output
PB11.GPIOParameters=GPIO_Speed,GPIO_Label
PB11.GPIO_Label=AD9854_OSK
PB11.GPIO_Speed=GPIO_SPEED_FREQ_LOW
PB11.Locked=true
PB11.Signal=GPIO_Output
PB3\ (JTDO/TRACESWO).GPIOParameters=GPIO_Speed,GPIO_Label
PB3\ (JTDO/TRACESWO).GPIO_Label=SPI1_SCK
PB3\ (JTDO/TRACESWO).GPIO_Speed=GPIO_SPEED_FREQ_HIGH
PB3\ (JTDO/TRACESWO).Mode=Full_Duplex_Master
PB3\ (JTDO/TRACESWO).Signal=SPI1_SCK
PB5.GPIOParameters=GPIO_Speed,GPIO_Label
PB5.GPIO_Label=AD9854_A0
PB5.GPIO_Speed=GPIO_SPEED_FREQ_LOW
PB5.Locked=true
PB5.Signal=GPIO_Output
PB6.GPIOParameters=GPIO_Speed,GPIO_Label
PB6.GPIO_Label=AD9854_A1
PB6.GPIO_Speed=GPIO_SPEED_FREQ_LOW
PB6.Locked=true
PB6.Signal=GPIO_Output
PB7.GPIOParameters=GPIO_Speed,GPIO_Label
PB7.GPIO_Label=AD9854_A2
PB7.GPIO_Speed=GPIO_SPEED_FREQ_LOW
PB7.Locked=true
PB7.Signal=GPIO_Output
PB8.GPIOParameters=GPIO_Speed,GPIO_Label
PB8.GPIO_Label=AD9854_A3
PB8.GPIO_Speed=GPIO_SPEED_FREQ_LOW
PB8.Locked=true
PB8.Signal=GPIO_Output
PB9.GPIOParameters=GPIO_Speed,GPIO_Label
PB9.GPIO_Label=AD9854_A4
PB9.GPIO_Speed=GPIO_SPEED_FREQ_LOW
PB9.Locked=true
PB9.Signal=GPIO_Output
PC0.Signal=FMC_SDNWE
PC1.GPIOParameters=GPIO_Speed,GPIO_Label
PC1.GPIO_Label=AD9854_D0
PC1.GPIO_Speed=GPIO_SPEED_FREQ_LOW
PC1.Locked=true
PC1.Signal=GPIO_Output
PC2.GPIOParameters=GPIO_Speed,GPIO_Label
PC2.GPIO_Label=AD9854_D1
PC2.GPIO_Speed=GPIO_SPEED_FREQ_LOW
PC2.Locked=true
PC2.Signal=GPIO_Output
PC3.GPIOParameters=GPIO_Speed,GPIO_Label
PC3.GPIO_Label=AD9854_D2
PC3.GPIO_Speed=GPIO_SPEED_FREQ_LOW
PC3.Locked=true
PC3.Signal=GPIO_Output
PC4.GPIOParameters=GPIO_Speed,GPIO_Label
PC4.GPIO_Label=AD9854_D3
PC4.GPIO_Speed=GPIO_SPEED_FREQ_LOW
PC4.Locked=true
PC4.Signal=GPIO_Output
PC5.GPIOParameters=GPIO_Speed,GPIO_Label
PC5.GPIO_Label=AD9854_D4
PC5.GPIO_Speed=GPIO_SPEED_FREQ_LOW
PC5.Locked=true
PC5.Signal=GPIO_Output
PC6.GPIOParameters=GPIO_Speed,GPIO_Label
PC6.GPIO_Label=AD9854_D5
PC6.GPIO_Speed=GPIO_SPEED_FREQ_LOW
PC6.Locked=true
PC6.Signal=GPIO_Output
PC7.GPIOParameters=GPIO_Speed,GPIO_Label
PC7.GPIO_Label=AD9854_D6
PC7.GPIO_Speed=GPIO_SPEED_FREQ_LOW
PC7.Locked=true
PC7.Signal=GPIO_Output
PC8.GPIOParameters=GPIO_Speed,GPIO_Label
PC8.GPIO_Label=AD9854_D7
PC8.GPIO_Speed=GPIO_SPEED_FREQ_LOW
PC8.Locked=true
PC8.Signal=GPIO_Output
PD0.Signal=FMC_D2_DA2
PD1.Signal=FMC_D3_DA3
PD10.Signal=FMC_D15_DA15
PD13.GPIOParameters=GPIO_Speed,PinState,GPIO_PuPd,GPIO_Label
PD13.GPIO_Label=LCD_BL
PD13.GPIO_PuPd=GPIO_PULLUP
PD13.GPIO_Speed=GPIO_SPEED_FREQ_HIGH
PD13.Locked=true
PD13.PinState=GPIO_PIN_SET
PD13.Signal=GPIO_Output
PD14.Signal=FMC_D0_DA0
PD15.Signal=FMC_D1_DA1
PD3.GPIOParameters=GPIO_PuPd,GPIO_Label,GPIO_ModeDefaultEXTI
PD3.GPIO_Label=ADS124S_DRDY
PD3.GPIO_ModeDefaultEXTI=GPIO_MODE_IT_FALLING
PD3.GPIO_PuPd=GPIO_PULLUP
PD3.Locked=true
PD3.Signal=GPXTI3
PD4.GPIOParameters=GPIO_Speed,PinState,GPIO_PuPd,GPIO_Label
PD4.GPIO_Label=ADS124S_SYNC
PD4.GPIO_PuPd=GPIO_PULLDOWN
PD4.GPIO_Speed=GPIO_SPEED_FREQ_HIGH
PD4.Locked=true
PD4.PinState=GPIO_PIN_RESET
PD4.Signal=GPIO_Output
PD5.GPIOParameters=GPIO_Speed,PinState,GPIO_PuPd,GPIO_Label
PD5.GPIO_Label=ADS124S_RST
PD5.GPIO_PuPd=GPIO_PULLUP
PD5.GPIO_Speed=GPIO_SPEED_FREQ_HIGH
PD5.Locked=true
PD5.PinState=GPIO_PIN_SET
PD5.Signal=GPIO_Output
PD6.GPIOParameters=GPIO_Speed,PinState,GPIO_PuPd,GPIO_Label
PD6.GPIO_Label=ADS124S_CS
PD6.GPIO_PuPd=GPIO_PULLUP
PD6.GPIO_Speed=GPIO_SPEED_FREQ_HIGH
PD6.Locked=true
PD6.PinState=GPIO_PIN_SET
PD6.Signal=GPIO_Output
PD7.GPIOParameters=GPIO_Speed,GPIO_Label,PinAttribute
PD7.GPIO_Label=SPI1_MOSI
PD7.GPIO_Speed=GPIO_SPEED_FREQ_HIGH
PD7.Mode=Full_Duplex_Master
PD7.PinAttribute=Free
PD7.Signal=SPI1_MOSI
PD8.Signal=FMC_D13_DA13
PD9.Signal=FMC_D14_DA14
PE0.Signal=FMC_NBL0
PE1.Signal=FMC_NBL1
PE10.Signal=FMC_D7_DA7
PE11.Signal=FMC_D8_DA8
PE12.Signal=FMC_D9_DA9
PE13.Signal=FMC_D10_DA10
PE14.Signal=FMC_D11_DA11
PE15.Signal=FMC_D12_DA12
PE7.Signal=FMC_D4_DA4
PE8.Signal=FMC_D5_DA5
PE9.Signal=FMC_D6_DA6
PF0.Signal=FMC_A0
PF1.Signal=FMC_A1
PF11.Signal=FMC_SDNRAS
PF12.Signal=FMC_A6
PF13.Signal=FMC_A7
PF14.Signal=FMC_A8
PF15.Signal=FMC_A9
PF2.Signal=FMC_A2
PF3.Signal=FMC_A3
PF4.Signal=FMC_A4
PF5.Signal=FMC_A5
PG0.Signal=FMC_A10
PG1.Signal=FMC_A11
PG12.GPIOParameters=GPIO_PuPd,GPIO_Label
PG12.GPIO_Label=AD9854_RST
PG12.GPIO_PuPd=GPIO_PULLDOWN
PG12.Locked=true
PG12.Signal=GPIO_Output
PG13.GPIOParameters=GPIO_Speed,PinState,GPIO_PuPd,GPIO_Label
PG13.GPIO_Label=AD9854_WR
PG13.GPIO_PuPd=GPIO_PULLUP
PG13.GPIO_Speed=GPIO_SPEED_FREQ_LOW
PG13.Locked=true
PG13.PinState=GPIO_PIN_SET
PG13.Signal=GPIO_Output
PG15.Signal=FMC_SDNCAS
PG2.Signal=FMC_A12
PG3.GPIOParameters=GPIO_Speed,GPIO_PuPd,GPIO_Label,GPIO_ModeDefaultOutputPP
PG3.GPIO_Label=GTP_INT
PG3.GPIO_ModeDefaultOutputPP=GPIO_MODE_OUTPUT_PP
PG3.GPIO_PuPd=GPIO_PULLDOWN
PG3.GPIO_Speed=GPIO_SPEED_FREQ_HIGH
PG3.Locked=true
PG3.Signal=GPIO_Output
PG4.Signal=FMC_A14_BA0
PG5.Signal=FMC_A15_BA1
PG7.GPIOParameters=GPIO_Speed,PinState,GPIO_PuPd,GPIO_Label
PG7.GPIO_Label=GTP_RESET
PG7.GPIO_PuPd=GPIO_PULLDOWN
PG7.GPIO_Speed=GPIO_SPEED_FREQ_HIGH
PG7.Locked=true
PG7.PinState=GPIO_PIN_RESET
PG7.Signal=GPIO_Output
PG8.Signal=FMC_SDCLK
PG9.GPIOParameters=GPIO_Speed,GPIO_Label
PG9.GPIO_Label=SPI1_MISO
PG9.GPIO_Speed=GPIO_SPEED_FREQ_HIGH
PG9.Mode=Full_Duplex_Master
PG9.Signal=SPI1_MISO
PH0-OSC_IN\ (PH0).Mode=HSE-External-Oscillator
PH0-OSC_IN\ (PH0).Signal=RCC_OSC_IN
PH1-OSC_OUT\ (PH1).Mode=HSE-External-Oscillator
PH1-OSC_OUT\ (PH1).Signal=RCC_OSC_OUT
PH10.Signal=FMC_D18
PH11.Signal=FMC_D19
PH12.Signal=FMC_D20
PH13.Signal=FMC_D21
PH14.Signal=FMC_D22
PH15.Signal=FMC_D23
PH4.GPIOParameters=GPIO_Speed
PH4.GPIO_Speed=GPIO_SPEED_FREQ_HIGH
PH4.Mode=I2C
PH4.Signal=I2C2_SCL
PH5.GPIOParameters=GPIO_Speed
PH5.GPIO_Speed=GPIO_SPEED_FREQ_HIGH
PH5.Mode=I2C
PH5.Signal=I2C2_SDA
PH6.Locked=true
PH6.Mode=SdramChipSelect2_2
PH6.Signal=FMC_SDNE1
PH7.Locked=true
PH7.Mode=SdramChipSelect2_2
PH7.Signal=FMC_SDCKE1
PH8.Signal=FMC_D16
PH9.Signal=FMC_D17
PI0.Signal=FMC_D24
PI1.Signal=FMC_D25
PI10.Signal=FMC_D31
PI12.GPIOParameters=GPIO_Speed
PI12.GPIO_Speed=GPIO_SPEED_FREQ_HIGH
PI12.Locked=true
PI12.Mode=RGB565
PI12.Signal=LTDC_HSYNC
PI13.GPIOParameters=GPIO_Speed
PI13.GPIO_Speed=GPIO_SPEED_FREQ_HIGH
PI13.Mode=RGB565
PI13.Signal=LTDC_VSYNC
PI14.GPIOParameters=GPIO_Speed
PI14.GPIO_Speed=GPIO_SPEED_FREQ_HIGH
PI14.Locked=true
PI14.Mode=RGB565
PI14.Signal=LTDC_CLK
PI2.Signal=FMC_D26
PI3.Signal=FMC_D27
PI4.Signal=FMC_NBL2
PI5.Signal=FMC_NBL3
PI6.Signal=FMC_D28
PI7.Signal=FMC_D29
PI9.Signal=FMC_D30
PJ10.GPIOParameters=GPIO_Speed
PJ10.GPIO_Speed=GPIO_SPEED_FREQ_HIGH
PJ10.Locked=true
PJ10.Mode=RGB565
PJ10.Signal=LTDC_G3
PJ11.GPIOParameters=GPIO_Speed
PJ11.GPIO_Speed=GPIO_SPEED_FREQ_HIGH
PJ11.Locked=true
PJ11.Mode=RGB565
PJ11.Signal=LTDC_G4
PJ15.GPIOParameters=GPIO_Speed
PJ15.GPIO_Speed=GPIO_SPEED_FREQ_HIGH
PJ15.Locked=true
PJ15.Mode=RGB565
PJ15.Signal=LTDC_B3
PJ2.GPIOParameters=GPIO_Speed
PJ2.GPIO_Speed=GPIO_SPEED_FREQ_HIGH
PJ2.Locked=true
PJ2.Mode=RGB565
PJ2.Signal=LTDC_R3
PJ3.GPIOParameters=GPIO_Speed
PJ3.GPIO_Speed=GPIO_SPEED_FREQ_HIGH
PJ3.Locked=true
PJ3.Mode=RGB565
PJ3.Signal=LTDC_R4
PJ4.GPIOParameters=GPIO_Speed
PJ4.GPIO_Speed=GPIO_SPEED_FREQ_HIGH
PJ4.Locked=true
PJ4.Mode=RGB565
PJ4.Signal=LTDC_R5
PJ5.GPIOParameters=GPIO_Speed
PJ5.GPIO_Speed=GPIO_SPEED_FREQ_HIGH
PJ5.Locked=true
PJ5.Mode=RGB565
PJ5.Signal=LTDC_R6
PJ6.GPIOParameters=GPIO_Speed
PJ6.GPIO_Speed=GPIO_SPEED_FREQ_HIGH
PJ6.Locked=true
PJ6.Mode=RGB565
PJ6.Signal=LTDC_R7
PJ9.GPIOParameters=GPIO_Speed
PJ9.GPIO_Speed=GPIO_SPEED_FREQ_HIGH
PJ9.Locked=true
PJ9.Mode=RGB565
PJ9.Signal=LTDC_G2
PK0.GPIOParameters=GPIO_Speed
PK0.GPIO_Speed=GPIO_SPEED_FREQ_HIGH
PK0.Locked=true
PK0.Mode=RGB565
PK0.Signal=LTDC_G5
PK1.GPIOParameters=GPIO_Speed
PK1.GPIO_Speed=GPIO_SPEED_FREQ_HIGH
PK1.Locked=true
PK1.Mode=RGB565
PK1.Signal=LTDC_G6
PK2.GPIOParameters=GPIO_Speed
PK2.GPIO_Speed=GPIO_SPEED_FREQ_HIGH
PK2.Mode=RGB565
PK2.Signal=LTDC_G7
PK3.GPIOParameters=GPIO_Speed
PK3.GPIO_Speed=GPIO_SPEED_FREQ_HIGH
PK3.Mode=RGB565
PK3.Signal=LTDC_B4
PK4.GPIOParameters=GPIO_Speed
PK4.GPIO_Speed=GPIO_SPEED_FREQ_HIGH
PK4.Mode=RGB565
PK4.Signal=LTDC_B5
PK5.GPIOParameters=GPIO_Speed
PK5.GPIO_Speed=GPIO_SPEED_FREQ_HIGH
PK5.Mode=RGB565
PK5.Signal=LTDC_B6
PK6.GPIOParameters=GPIO_Speed
PK6.GPIO_Speed=GPIO_SPEED_FREQ_HIGH
PK6.Mode=RGB565
PK6.Signal=LTDC_B7
PK7.GPIOParameters=GPIO_Speed
PK7.GPIO_Speed=GPIO_SPEED_FREQ_HIGH
PK7.Mode=RGB565
PK7.Signal=LTDC_DE
PinOutPanel.CurrentBGAView=Top
PinOutPanel.RotationAngle=0
ProjectManager.AskForMigrate=true
ProjectManager.BackupPrevious=false
ProjectManager.CompilerOptimize=6
ProjectManager.ComputerToolchain=false
ProjectManager.CoupleFile=true
ProjectManager.CustomerFirmwarePackage=../../../../home/linuxmint/Documents/stm32/firmware/STM32Cube_FW_H7_V1.8.0
ProjectManager.DefaultFWLocation=false
ProjectManager.DeletePrevious=false
ProjectManager.DeviceId=STM32H743XIHx
ProjectManager.FirmwarePackage=STM32Cube FW_H7 V1.9.0
ProjectManager.FreePins=false
ProjectManager.HalAssertFull=false
ProjectManager.HeapSize=0x200
ProjectManager.KeepUserCode=true
ProjectManager.LastFirmware=true
ProjectManager.LibraryCopy=1
ProjectManager.MainLocation=Core/Src
ProjectManager.NoMain=false
ProjectManager.PreviousToolchain=
ProjectManager.ProjectBuild=false
ProjectManager.ProjectFileName=stm32h7.ioc
ProjectManager.ProjectName=stm32h7
ProjectManager.RegisterCallBack=
ProjectManager.StackSize=0x400
ProjectManager.TargetToolchain=Makefile
ProjectManager.ToolChainLocation=
ProjectManager.UnderRoot=false
ProjectManager.functionlistsort=1-MX_GPIO_Init-GPIO-false-HAL-true,2-SystemClock_Config-RCC-false-HAL-false,3-MX_USART1_UART_Init-USART1-false-HAL-true,4-MX_SPI1_Init-SPI1-false-HAL-true,5-MX_TIM6_Init-TIM6-false-HAL-true,6-MX_FMC_Init-FMC-false-HAL-true,7-MX_LTDC_Init-LTDC-false-HAL-true,8-MX_DMA2D_Init-DMA2D-false-HAL-true,9-MX_I2C2_Init-I2C2-false-HAL-true,0-MX_CORTEX_M7_Init-CORTEX_M7-false-HAL-true
RCC.ADCFreq_Value=20000000
RCC.AHB12Freq_Value=240000000
RCC.AHB4Freq_Value=240000000
RCC.APB1Freq_Value=120000000
RCC.APB2Freq_Value=120000000
RCC.APB3Freq_Value=120000000
RCC.APB4Freq_Value=120000000
RCC.AXIClockFreq_Value=240000000
RCC.CECFreq_Value=32000
RCC.CKPERFreq_Value=64000000
RCC.CortexFreq_Value=480000000
RCC.CpuClockFreq_Value=480000000
RCC.D1CPREFreq_Value=480000000
RCC.D1PPRE=RCC_APB3_DIV2
RCC.D2PPRE1=RCC_APB1_DIV2
RCC.D2PPRE2=RCC_APB2_DIV2
RCC.D3PPRE=RCC_APB4_DIV2
RCC.DFSDMACLkFreq_Value=480000000
RCC.DFSDMFreq_Value=120000000
RCC.DIVM1=5
RCC.DIVM2=25
RCC.DIVM3=25
RCC.DIVN1=192
RCC.DIVN2=240
RCC.DIVN3=340
RCC.DIVP1Freq_Value=480000000
RCC.DIVP2=12
RCC.DIVP2Freq_Value=20000000
RCC.DIVP3Freq_Value=170000000
RCC.DIVQ1Freq_Value=480000000
RCC.DIVQ2Freq_Value=120000000
RCC.DIVQ3Freq_Value=170000000
RCC.DIVR1Freq_Value=480000000
RCC.DIVR2=1
RCC.DIVR2Freq_Value=240000000
RCC.DIVR3=10
RCC.DIVR3Freq_Value=34000000
RCC.FDCANFreq_Value=480000000
RCC.FMCCLockSelection=RCC_FMCCLKSOURCE_PLL2
RCC.FMCFreq_Value=240000000
RCC.FamilyName=M
RCC.HCLK3ClockFreq_Value=240000000
RCC.HCLKFreq_Value=240000000
RCC.HPRE=RCC_HCLK_DIV2
RCC.HRTIMFreq_Value=240000000
RCC.HSE_VALUE=25000000
RCC.I2C123Freq_Value=120000000
RCC.I2C4Freq_Value=120000000
RCC.IPParameters=ADCFreq_Value,AHB12Freq_Value,AHB4Freq_Value,APB1Freq_Value,APB2Freq_Value,APB3Freq_Value,APB4Freq_Value,AXIClockFreq_Value,CECFreq_Value,CKPERFreq_Value,CortexFreq_Value,CpuClockFreq_Value,D1CPREFreq_Value,D1PPRE,D2PPRE1,D2PPRE2,D3PPRE,DFSDMACLkFreq_Value,DFSDMFreq_Value,DIVM1,DIVM2,DIVM3,DIVN1,DIVN2,DIVN3,DIVP1Freq_Value,DIVP2,DIVP2Freq_Value,DIVP3Freq_Value,DIVQ1Freq_Value,DIVQ2Freq_Value,DIVQ3Freq_Value,DIVR1Freq_Value,DIVR2,DIVR2Freq_Value,DIVR3,DIVR3Freq_Value,FDCANFreq_Value,FMCCLockSelection,FMCFreq_Value,FamilyName,HCLK3ClockFreq_Value,HCLKFreq_Value,HPRE,HRTIMFreq_Value,HSE_VALUE,I2C123Freq_Value,I2C4Freq_Value,LPTIM1Freq_Value,LPTIM2Freq_Value,LPTIM345Freq_Value,LPUART1Freq_Value,LTDCFreq_Value,MCO1PinFreq_Value,MCO2PinFreq_Value,PLLFRACN,PLLSourceVirtual,QSPIFreq_Value,RNGFreq_Value,RTCFreq_Value,SAI1Freq_Value,SAI23Freq_Value,SAI4AFreq_Value,SAI4BFreq_Value,SDMMCFreq_Value,SPDIFRXFreq_Value,SPI123CLockSelection,SPI123Freq_Value,SPI45Freq_Value,SPI6Freq_Value,SWPMI1Freq_Value,SYSCLKFreq_VALUE,SYSCLKSource,Tim1OutputFreq_Value,Tim2OutputFreq_Value,TraceFreq_Value,USART16Freq_Value,USART234578Freq_Value,USBFreq_Value,VCO1OutputFreq_Value,VCO2OutputFreq_Value,VCO3OutputFreq_Value,VCOInput1Freq_Value,VCOInput2Freq_Value,VCOInput3Freq_Value
RCC.LPTIM1Freq_Value=120000000
RCC.LPTIM2Freq_Value=120000000
RCC.LPTIM345Freq_Value=120000000
RCC.LPUART1Freq_Value=120000000
RCC.LTDCFreq_Value=34000000
RCC.MCO1PinFreq_Value=64000000
RCC.MCO2PinFreq_Value=480000000
RCC.PLLFRACN=0
RCC.PLLSourceVirtual=RCC_PLLSOURCE_HSE
RCC.QSPIFreq_Value=240000000
RCC.RNGFreq_Value=48000000
RCC.RTCFreq_Value=32000
RCC.SAI1Freq_Value=480000000
RCC.SAI23Freq_Value=480000000
RCC.SAI4AFreq_Value=480000000
RCC.SAI4BFreq_Value=480000000
RCC.SDMMCFreq_Value=480000000
RCC.SPDIFRXFreq_Value=480000000
RCC.SPI123CLockSelection=RCC_SPI123CLKSOURCE_PLL2
RCC.SPI123Freq_Value=20000000
RCC.SPI45Freq_Value=120000000
RCC.SPI6Freq_Value=120000000
RCC.SWPMI1Freq_Value=120000000
RCC.SYSCLKFreq_VALUE=480000000
RCC.SYSCLKSource=RCC_SYSCLKSOURCE_PLLCLK
RCC.Tim1OutputFreq_Value=240000000
RCC.Tim2OutputFreq_Value=240000000
RCC.TraceFreq_Value=64000000
RCC.USART16Freq_Value=120000000
RCC.USART234578Freq_Value=120000000
RCC.USBFreq_Value=480000000
RCC.VCO1OutputFreq_Value=960000000
RCC.VCO2OutputFreq_Value=240000000
RCC.VCO3OutputFreq_Value=340000000
RCC.VCOInput1Freq_Value=5000000
RCC.VCOInput2Freq_Value=1000000
RCC.VCOInput3Freq_Value=1000000
SH.FMC_A0.0=FMC_A0,13b-sda2
SH.FMC_A0.ConfNb=1
SH.FMC_A1.0=FMC_A1,13b-sda2
SH.FMC_A1.ConfNb=1
SH.FMC_A10.0=FMC_A10,13b-sda2
SH.FMC_A10.ConfNb=1
SH.FMC_A11.0=FMC_A11,13b-sda2
SH.FMC_A11.ConfNb=1
SH.FMC_A12.0=FMC_A12,13b-sda2
SH.FMC_A12.ConfNb=1
SH.FMC_A14_BA0.0=FMC_BA0,FourSdramBanks2
SH.FMC_A14_BA0.ConfNb=1
SH.FMC_A15_BA1.0=FMC_BA1,FourSdramBanks2
SH.FMC_A15_BA1.ConfNb=1
SH.FMC_A2.0=FMC_A2,13b-sda2
SH.FMC_A2.ConfNb=1
SH.FMC_A3.0=FMC_A3,13b-sda2
SH.FMC_A3.ConfNb=1
SH.FMC_A4.0=FMC_A4,13b-sda2
SH.FMC_A4.ConfNb=1
SH.FMC_A5.0=FMC_A5,13b-sda2
SH.FMC_A5.ConfNb=1
SH.FMC_A6.0=FMC_A6,13b-sda2
SH.FMC_A6.ConfNb=1
SH.FMC_A7.0=FMC_A7,13b-sda2
SH.FMC_A7.ConfNb=1
SH.FMC_A8.0=FMC_A8,13b-sda2
SH.FMC_A8.ConfNb=1
SH.FMC_A9.0=FMC_A9,13b-sda2
SH.FMC_A9.ConfNb=1
SH.FMC_D0_DA0.0=FMC_D0,sd-32b-d2
SH.FMC_D0_DA0.ConfNb=1
SH.FMC_D10_DA10.0=FMC_D10,sd-32b-d2
SH.FMC_D10_DA10.ConfNb=1
SH.FMC_D11_DA11.0=FMC_D11,sd-32b-d2
SH.FMC_D11_DA11.ConfNb=1
SH.FMC_D12_DA12.0=FMC_D12,sd-32b-d2
SH.FMC_D12_DA12.ConfNb=1
SH.FMC_D13_DA13.0=FMC_D13,sd-32b-d2
SH.FMC_D13_DA13.ConfNb=1
SH.FMC_D14_DA14.0=FMC_D14,sd-32b-d2
SH.FMC_D14_DA14.ConfNb=1
SH.FMC_D15_DA15.0=FMC_D15,sd-32b-d2
SH.FMC_D15_DA15.ConfNb=1
SH.FMC_D16.0=FMC_D16,sd-32b-d2
SH.FMC_D16.ConfNb=1
SH.FMC_D17.0=FMC_D17,sd-32b-d2
SH.FMC_D17.ConfNb=1
SH.FMC_D18.0=FMC_D18,sd-32b-d2
SH.FMC_D18.ConfNb=1
SH.FMC_D19.0=FMC_D19,sd-32b-d2
SH.FMC_D19.ConfNb=1
SH.FMC_D1_DA1.0=FMC_D1,sd-32b-d2
SH.FMC_D1_DA1.ConfNb=1
SH.FMC_D20.0=FMC_D20,sd-32b-d2
SH.FMC_D20.ConfNb=1
SH.FMC_D21.0=FMC_D21,sd-32b-d2
SH.FMC_D21.ConfNb=1
SH.FMC_D22.0=FMC_D22,sd-32b-d2
SH.FMC_D22.ConfNb=1
SH.FMC_D23.0=FMC_D23,sd-32b-d2
SH.FMC_D23.ConfNb=1
SH.FMC_D24.0=FMC_D24,sd-32b-d2
SH.FMC_D24.ConfNb=1
SH.FMC_D25.0=FMC_D25,sd-32b-d2
SH.FMC_D25.ConfNb=1
SH.FMC_D26.0=FMC_D26,sd-32b-d2
SH.FMC_D26.ConfNb=1
SH.FMC_D27.0=FMC_D27,sd-32b-d2
SH.FMC_D27.ConfNb=1
SH.FMC_D28.0=FMC_D28,sd-32b-d2
SH.FMC_D28.ConfNb=1
SH.FMC_D29.0=FMC_D29,sd-32b-d2
SH.FMC_D29.ConfNb=1
SH.FMC_D2_DA2.0=FMC_D2,sd-32b-d2
SH.FMC_D2_DA2.ConfNb=1
SH.FMC_D30.0=FMC_D30,sd-32b-d2
SH.FMC_D30.ConfNb=1
SH.FMC_D31.0=FMC_D31,sd-32b-d2
SH.FMC_D31.ConfNb=1
SH.FMC_D3_DA3.0=FMC_D3,sd-32b-d2
SH.FMC_D3_DA3.ConfNb=1
SH.FMC_D4_DA4.0=FMC_D4,sd-32b-d2
SH.FMC_D4_DA4.ConfNb=1
SH.FMC_D5_DA5.0=FMC_D5,sd-32b-d2
SH.FMC_D5_DA5.ConfNb=1
SH.FMC_D6_DA6.0=FMC_D6,sd-32b-d2
SH.FMC_D6_DA6.ConfNb=1
SH.FMC_D7_DA7.0=FMC_D7,sd-32b-d2
SH.FMC_D7_DA7.ConfNb=1
SH.FMC_D8_DA8.0=FMC_D8,sd-32b-d2
SH.FMC_D8_DA8.ConfNb=1
SH.FMC_D9_DA9.0=FMC_D9,sd-32b-d2
SH.FMC_D9_DA9.ConfNb=1
SH.FMC_NBL0.0=FMC_NBL0,Sd4ByteEnable2
SH.FMC_NBL0.ConfNb=1
SH.FMC_NBL1.0=FMC_NBL1,Sd4ByteEnable2
SH.FMC_NBL1.ConfNb=1
SH.FMC_NBL2.0=FMC_NBL2,Sd4ByteEnable2
SH.FMC_NBL2.ConfNb=1
SH.FMC_NBL3.0=FMC_NBL3,Sd4ByteEnable2
SH.FMC_NBL3.ConfNb=1
SH.FMC_SDCLK.0=FMC_SDCLK,13b-sda2
SH.FMC_SDCLK.ConfNb=1
SH.FMC_SDNCAS.0=FMC_SDNCAS,13b-sda2
SH.FMC_SDNCAS.ConfNb=1
SH.FMC_SDNRAS.0=FMC_SDNRAS,13b-sda2
SH.FMC_SDNRAS.ConfNb=1
SH.FMC_SDNWE.0=FMC_SDNWE,13b-sda2
SH.FMC_SDNWE.ConfNb=1
SH.GPXTI3.0=GPIO_EXTI3
SH.GPXTI3.ConfNb=1
SPI1.BaudRatePrescaler=SPI_BAUDRATEPRESCALER_2
SPI1.CLKPhase=SPI_PHASE_2EDGE
SPI1.CLKPolarity=SPI_POLARITY_LOW
SPI1.CalculateBaudRate=10.0 MBits/s
SPI1.DataSize=SPI_DATASIZE_8BIT
SPI1.Direction=SPI_DIRECTION_2LINES
SPI1.IPParameters=VirtualType,Mode,Direction,BaudRatePrescaler,CalculateBaudRate,CLKPhase,CLKPolarity,DataSize,NSS-Full_Duplex_Master,NSSPMode
SPI1.Mode=SPI_MODE_MASTER
SPI1.NSS-Full_Duplex_Master=SPI_NSS_HARD_OUTPUT
SPI1.NSSPMode=SPI_NSS_PULSE_ENABLE
SPI1.VirtualType=VM_MASTER
TIM6.IPParameters=Prescaler,Period
TIM6.Period=65535
TIM6.Prescaler=240-1
USART1.IPParameters=VirtualMode-Asynchronous
USART1.VirtualMode-Asynchronous=VM_ASYNC
VP_DMA2D_VS_DMA2D.Mode=DMA2D_Activate
VP_DMA2D_VS_DMA2D.Signal=DMA2D_VS_DMA2D
VP_SYS_VS_Systick.Mode=SysTick
VP_SYS_VS_Systick.Signal=SYS_VS_Systick
VP_TIM6_VS_ClockSourceINT.Mode=Enable_Timer
VP_TIM6_VS_ClockSourceINT.Signal=TIM6_VS_ClockSourceINT
board=custom
